<?xml version="1.0" encoding="utf-8"?>
<Project ToolsVersion="4.0" xmlns="http://schemas.microsoft.com/developer/msbuild/2003">
  <ItemGroup>
    <Filter Include="リソース ファイル">
      <UniqueIdentifier>{67DA6AB6-F800-4c08-8B7A-83BB121AAD01}</UniqueIdentifier>
      <Extensions>rc;ico;cur;bmp;dlg;rc2;rct;bin;rgs;gif;jpg;jpeg;jpe;resx;tiff;tif;png;wav;mfcribbon-ms</Extensions>
    </Filter>
    <Filter Include="MyPG">
      <UniqueIdentifier>{b35a18ec-194d-4fea-852c-04cef35dd4c5}</UniqueIdentifier>
    </Filter>
    <Filter Include="Lib">
      <UniqueIdentifier>{03edeb10-2dce-4448-9773-e351d54f2af1}</UniqueIdentifier>
    </Filter>
    <Filter Include="GameEngine">
      <UniqueIdentifier>{7ec743ff-cd39-4503-b15a-b383d90b63cf}</UniqueIdentifier>
    </Filter>
    <Filter Include="Lib\DG2014">
      <UniqueIdentifier>{69163297-886a-4dac-b189-d31c213e0fee}</UniqueIdentifier>
    </Filter>
    <Filter Include="MyPG\Task">
      <UniqueIdentifier>{ac267129-d8b1-4447-8bb5-09a39c81010e}</UniqueIdentifier>
    </Filter>
    <Filter Include="MyPG\Task\title">
      <UniqueIdentifier>{afe76ad6-8597-4a25-99dd-be97f1fbe1b9}</UniqueIdentifier>
    </Filter>
    <Filter Include="MyPG\Task\Game">
      <UniqueIdentifier>{7d028710-44f8-42e3-be53-ca5d15c994e3}</UniqueIdentifier>
    </Filter>
    <Filter Include="MyPG\Task\ending">
      <UniqueIdentifier>{5995aebb-b88d-4733-b1a0-1ef6a853acdd}</UniqueIdentifier>
    </Filter>
    <Filter Include="MyPG\Task\StageAlarmClock">
      <UniqueIdentifier>{967bffd2-e311-4efe-9967-e3eaea3e4c3c}</UniqueIdentifier>
    </Filter>
    <Filter Include="MyPG\Task\StageAlarmClock\hand">
      <UniqueIdentifier>{4ef9124b-1768-4585-9aff-ef06cca7c7a1}</UniqueIdentifier>
    </Filter>
    <Filter Include="MyPG\Task\StageAlarmClock\StageTask">
      <UniqueIdentifier>{fdaa59fb-7f82-4335-8609-2177627a31ff}</UniqueIdentifier>
    </Filter>
    <Filter Include="MyPG\Task\StageAlarmClock\Clock">
      <UniqueIdentifier>{5e147f02-3f61-4c5f-81c8-40d980f9ccdb}</UniqueIdentifier>
    </Filter>
    <Filter Include="MyPG\Task\StageBrushTeeth">
      <UniqueIdentifier>{afd79d68-3f64-46d7-9904-8d92bce0e58b}</UniqueIdentifier>
    </Filter>
    <Filter Include="MyPG\Task\StageBrushTeeth\StageTask">
      <UniqueIdentifier>{72370768-54d8-4e2f-a7d1-90e80dccf95c}</UniqueIdentifier>
    </Filter>
    <Filter Include="MyPG\Task\StageBrushTeeth\brush">
      <UniqueIdentifier>{a5d3f1a1-9ccd-42dd-8f9b-238931e480a7}</UniqueIdentifier>
    </Filter>
    <Filter Include="MyPG\Task\StageBrushTeeth\Stain">
      <UniqueIdentifier>{b1b67d59-eac9-442b-be66-b25610c897c1}</UniqueIdentifier>
    </Filter>
    <Filter Include="MyPG\Task\StageBrushTeeth\CommonItemManager">
      <UniqueIdentifier>{3bc82fd8-486a-426a-9ad9-4e1a07fb408e}</UniqueIdentifier>
    </Filter>
  </ItemGroup>
  <ItemGroup>
    <ClCompile Include="GameEngine_Ver3_83.cpp">
      <Filter>GameEngine</Filter>
    </ClCompile>
    <ClCompile Include="Dm2008_Ver1_4.cpp">
      <Filter>Lib</Filter>
    </ClCompile>
    <ClCompile Include="XI2018_Ver1_0.cpp">
      <Filter>Lib</Filter>
    </ClCompile>
    <ClCompile Include="DG2014\DG2014_DGObject.cpp">
      <Filter>Lib\DG2014</Filter>
    </ClCompile>
    <ClCompile Include="DG2014\DG2014_Effect.cpp">
      <Filter>Lib\DG2014</Filter>
    </ClCompile>
    <ClCompile Include="DG2014\DG2014_Font.cpp">
      <Filter>Lib\DG2014</Filter>
    </ClCompile>
    <ClCompile Include="DG2014\DG2014_Image.cpp">
      <Filter>Lib\DG2014</Filter>
    </ClCompile>
    <ClCompile Include="DG2014\DG2014_IndexBuffer.cpp">
      <Filter>Lib\DG2014</Filter>
    </ClCompile>
    <ClCompile Include="DG2014\DG2014_InputLayout.cpp">
      <Filter>Lib\DG2014</Filter>
    </ClCompile>
    <ClCompile Include="DG2014\DG2014_Mesh.cpp">
      <Filter>Lib\DG2014</Filter>
    </ClCompile>
    <ClCompile Include="DG2014\DG2014_MeshSOBFile.cpp">
      <Filter>Lib\DG2014</Filter>
    </ClCompile>
    <ClCompile Include="DG2014\DG2014_Texture.cpp">
      <Filter>Lib\DG2014</Filter>
    </ClCompile>
    <ClCompile Include="DG2014\DG2014_Ver3_6.cpp">
      <Filter>Lib\DG2014</Filter>
    </ClCompile>
    <ClCompile Include="DG2014\DG2014_VertexBuffer.cpp">
      <Filter>Lib\DG2014</Filter>
    </ClCompile>
    <ClCompile Include="DG2014\DG2014_VertexContainer.cpp">
      <Filter>Lib\DG2014</Filter>
    </ClCompile>
    <ClCompile Include="myLib.cpp">
      <Filter>Lib</Filter>
    </ClCompile>
    <ClCompile Include="MyPG.cpp">
      <Filter>MyPG</Filter>
    </ClCompile>
    <ClCompile Include="WinMain.cpp">
      <Filter>MyPG</Filter>
    </ClCompile>
    <ClCompile Include="Task_Title.cpp">
      <Filter>MyPG\Task\title</Filter>
    </ClCompile>
    <ClCompile Include="fpscounter.cpp">
      <Filter>Lib</Filter>
    </ClCompile>
    <ClCompile Include="randomLib.cpp">
      <Filter>Lib</Filter>
    </ClCompile>
    <ClCompile Include="sound.cpp">
      <Filter>Lib</Filter>
    </ClCompile>
    <ClCompile Include="Task_Effect00.cpp">
      <Filter>MyPG\Task</Filter>
    </ClCompile>
    <ClCompile Include="easing.cpp">
      <Filter>Lib</Filter>
    </ClCompile>
    <ClCompile Include="Task_Game.cpp">
      <Filter>MyPG\Task\Game</Filter>
    </ClCompile>
    <ClCompile Include="Task_Ending.cpp">
      <Filter>MyPG\Task\ending</Filter>
    </ClCompile>
    <ClCompile Include="BChara.cpp">
      <Filter>MyPG\Task</Filter>
    </ClCompile>
    <ClCompile Include="StageAlarmClock\Task_hand.cpp">
      <Filter>MyPG\Task\StageAlarmClock\hand</Filter>
    </ClCompile>
    <ClCompile Include="StageAlarmClock\Task_Clock.cpp">
      <Filter>MyPG\Task\StageAlarmClock\Clock</Filter>
    </ClCompile>
    <ClCompile Include="StageAlarmClock\Task_StageAlarmClock.cpp">
      <Filter>MyPG\Task\StageAlarmClock\StageTask</Filter>
    </ClCompile>
    <ClCompile Include="StageBrushTeeth\Task_StageBrushTeeth.cpp">
      <Filter>MyPG\Task\StageBrushTeeth\StageTask</Filter>
    </ClCompile>
    <ClCompile Include="StageBrushTeeth\Task_brush.cpp">
      <Filter>MyPG\Task\StageBrushTeeth\brush</Filter>
    </ClCompile>
    <ClCompile Include="StageBrushTeeth\Task_stain.cpp">
      <Filter>MyPG\Task\StageBrushTeeth\Stain</Filter>
    </ClCompile>
    <ClCompile Include="StageBrushTeeth\Task_StainManager.cpp">
      <Filter>MyPG\Task\StageBrushTeeth\Stain</Filter>
    </ClCompile>
    <ClCompile Include="StageBrushTeeth\Task_CommonItemManager02.cpp">
      <Filter>MyPG\Task\StageBrushTeeth\CommonItemManager</Filter>
    </ClCompile>
  </ItemGroup>
  <ItemGroup>
    <ClInclude Include="GameEngine_Ver3_83.h">
      <Filter>GameEngine</Filter>
    </ClInclude>
    <ClInclude Include="Dm2008_Ver1_4.h">
      <Filter>Lib</Filter>
    </ClInclude>
    <ClInclude Include="XI2018_Ver1_0.h">
      <Filter>Lib</Filter>
    </ClInclude>
    <ClInclude Include="DG2014\DG2014_DGObject.h">
      <Filter>Lib\DG2014</Filter>
    </ClInclude>
    <ClInclude Include="DG2014\DG2014_Effect.h">
      <Filter>Lib\DG2014</Filter>
    </ClInclude>
    <ClInclude Include="DG2014\DG2014_Font.h">
      <Filter>Lib\DG2014</Filter>
    </ClInclude>
    <ClInclude Include="DG2014\DG2014_Image.h">
      <Filter>Lib\DG2014</Filter>
    </ClInclude>
    <ClInclude Include="DG2014\DG2014_IndexBuffer.h">
      <Filter>Lib\DG2014</Filter>
    </ClInclude>
    <ClInclude Include="DG2014\DG2014_InputLayout.h">
      <Filter>Lib\DG2014</Filter>
    </ClInclude>
    <ClInclude Include="DG2014\DG2014_Mesh.h">
      <Filter>Lib\DG2014</Filter>
    </ClInclude>
    <ClInclude Include="DG2014\DG2014_Texture.h">
      <Filter>Lib\DG2014</Filter>
    </ClInclude>
    <ClInclude Include="DG2014\DG2014_Ver3_6.h">
      <Filter>Lib\DG2014</Filter>
    </ClInclude>
    <ClInclude Include="DG2014\DG2014_VertexBuffer.h">
      <Filter>Lib\DG2014</Filter>
    </ClInclude>
    <ClInclude Include="DG2014\DG2014_VertexContainer.h">
      <Filter>Lib\DG2014</Filter>
    </ClInclude>
    <ClInclude Include="myLib.h">
      <Filter>Lib</Filter>
    </ClInclude>
    <ClInclude Include="MyPG.h">
      <Filter>MyPG</Filter>
    </ClInclude>
    <ClInclude Include="Task_Title.h">
      <Filter>MyPG\Task\title</Filter>
    </ClInclude>
    <ClInclude Include="fpscounter.h">
      <Filter>Lib</Filter>
    </ClInclude>
    <ClInclude Include="randomLib.h">
      <Filter>Lib</Filter>
    </ClInclude>
    <ClInclude Include="sound.h">
      <Filter>Lib</Filter>
    </ClInclude>
    <ClInclude Include="Task_Effect00.h">
      <Filter>MyPG\Task</Filter>
    </ClInclude>
    <ClInclude Include="easing.h">
      <Filter>Lib</Filter>
    </ClInclude>
    <ClInclude Include="Task_Game.h">
      <Filter>MyPG\Task\Game</Filter>
    </ClInclude>
    <ClInclude Include="Task_Ending.h">
      <Filter>MyPG\Task\ending</Filter>
    </ClInclude>
    <ClInclude Include="resource.h" />
    <ClInclude Include="BChara.h">
      <Filter>MyPG\Task</Filter>
    </ClInclude>
    <ClInclude Include="StageAlarmClock\Task_hand.h">
      <Filter>MyPG\Task\StageAlarmClock\hand</Filter>
    </ClInclude>
    <ClInclude Include="StageAlarmClock\Task_Clock.h">
      <Filter>MyPG\Task\StageAlarmClock\Clock</Filter>
    </ClInclude>
    <ClInclude Include="StageAlarmClock\Task_StageAlarmClock.h">
      <Filter>MyPG\Task\StageAlarmClock\StageTask</Filter>
    </ClInclude>
    <ClInclude Include="StageBrushTeeth\Task_StageBrushTeeth.h">
      <Filter>MyPG\Task\StageBrushTeeth\StageTask</Filter>
    </ClInclude>
    <ClInclude Include="StageBrushTeeth\Task_brush.h">
      <Filter>MyPG\Task\StageBrushTeeth\brush</Filter>
    </ClInclude>
    <ClInclude Include="StageBrushTeeth\Task_stain.h">
      <Filter>MyPG\Task\StageBrushTeeth\Stain</Filter>
    </ClInclude>
    <ClInclude Include="StageBrushTeeth\Task_StainManager.h">
      <Filter>MyPG\Task\StageBrushTeeth\Stain</Filter>
    </ClInclude>
    <ClInclude Include="StageBrushTeeth\Task_CommonItemManager02.h">
      <Filter>MyPG\Task\StageBrushTeeth\CommonItemManager</Filter>
    </ClInclude>
  </ItemGroup>
  <ItemGroup>
    <ResourceCompile Include="GPG_20201.rc">
      <Filter>リソース ファイル</Filter>
    </ResourceCompile>
  </ItemGroup>
  <ItemGroup>
    <Image Include="data\Gp3.ico">
      <Filter>リソース ファイル</Filter>
    </Image>
  </ItemGroup>
</Project>